
Microsoft Visual Studio Solution File, Format Version 12.00
# Visual Studio 15
VisualStudioVersion = 15.0.26403.7
MinimumVisualStudioVersion = 10.0.40219.1
Project("{FAE04EC0-301F-11D3-BF4B-00C04F79EFBC}") = "RockPaperScissors2NoahVoroney", "RockPaperScissors2NoahVoroney\RockPaperScissors2NoahVoroney.csproj", "{5201F4EA-1316-44C4-982F-E6271CCF29F9}"
EndProject
Global
	GlobalSection(SolutionConfigurationPlatforms) = preSolution
		Debug|Any CPU = Debug|Any CPU
		Release|Any CPU = Release|Any CPU
	EndGlobalSection
	GlobalSection(ProjectConfigurationPlatforms) = postSolution
		{5201F4EA-1316-44C4-982F-E6271CCF29F9}.Debug|Any CPU.ActiveCfg = Debug|Any CPU
		{5201F4EA-1316-44C4-982F-E6271CCF29F9}.Debug|Any CPU.Build.0 = Debug|Any CPU
		{5201F4EA-1316-44C4-982F-E6271CCF29F9}.Release|Any CPU.ActiveCfg = Release|Any CPU
		{5201F4EA-1316-44C4-982F-E6271CCF29F9}.Release|Any CPU.Build.0 = Release|Any CPU
	EndGlobalSection
	GlobalSection(SolutionProperties) = preSolution
		HideSolutionNode = FALSE
	EndGlobalSection
EndGlobal
